
Microsoft Visual Studio Solution File, Format Version 12.00
# Visual Studio Version 17
VisualStudioVersion = 17.0.31314.256
MinimumVisualStudioVersion = 10.0.40219.1
Project("{2150E333-8FDC-42A3-9474-1A3956D46DE8}") = "Automation", "Automation", "{0BFBE63A-B98A-3411-8EEB-8918FEC737B3}"
EndProject
Project("{2150E333-8FDC-42A3-9474-1A3956D46DE8}") = "Engine", "Engine", "{233774A8-CC9D-3FA9-86D1-90573E92B704}"
EndProject
Project("{2150E333-8FDC-42A3-9474-1A3956D46DE8}") = "Games", "Games", "{DE1F8B53-6C02-3C13-9101-A7C8D96F3FF6}"
EndProject
Project("{2150E333-8FDC-42A3-9474-1A3956D46DE8}") = "Programs", "Programs", "{A338B9E2-A559-34BE-A46D-F789DD488FAD}"
EndProject
Project("{2150E333-8FDC-42A3-9474-1A3956D46DE8}") = "Rules", "Rules", "{C2F57ECE-B26F-39D8-BDA7-C1D40BD8F180}"
EndProject
Project("{2150E333-8FDC-42A3-9474-1A3956D46DE8}") = "Shared", "Shared", "{57713676-9DBE-331C-AD10-26632AC9EE0C}"
EndProject
Project("{2150E333-8FDC-42A3-9474-1A3956D46DE8}") = "UnrealBuildTool.Plugins", "UnrealBuildTool.Plugins", "{7B5CFB44-F0FB-31DF-AE62-C3C096A29A7B}"
EndProject
Project("{8BC9CEB8-8B4A-11D0-8D11-00A0C91BC942}") = "Aura", "Intermediate\ProjectFiles\Aura.vcxproj", "{F31915AA-52CC-3882-A9D3-4200CE2B9F88}"
	ProjectSection(ProjectDependencies) = postProject
		{AF3CE968-4C5B-3082-B6F5-B53970E10DBA} = {AF3CE968-4C5B-3082-B6F5-B53970E10DBA}
	EndProjectSection
EndProject
Project("{8BC9CEB8-8B4A-11D0-8D11-00A0C91BC942}") = "UE5", "Intermediate\ProjectFiles\UE5.vcxproj", "{727AEAFF-1D15-3DAC-A4EB-373808C7471D}"
EndProject
Project("{FAE04EC0-301F-11D3-BF4B-00C04F79EFBC}") = "UnrealBuildTool", "F:\UE5\UE_5.3\Engine\Source\Programs\UnrealBuildTool\UnrealBuildTool.csproj", "{AF3CE968-4C5B-3082-B6F5-B53970E10DBA}"
EndProject
Project("{FAE04EC0-301F-11D3-BF4B-00C04F79EFBC}") = "AutomationTool", "F:\UE5\UE_5.3\Engine\Source\Programs\AutomationTool\AutomationTool.csproj", "{D59FBB8D-C184-3C90-881D-B90A0FA08DA7}"
EndProject
Project("{FAE04EC0-301F-11D3-BF4B-00C04F79EFBC}") = "Android.Automation", "F:\UE5\UE_5.3\Engine\Source\Programs\AutomationTool\Android\Android.Automation.csproj", "{0C166FA5-EE2A-3350-B288-5FEDF3E42CCA}"
EndProject
Project("{FAE04EC0-301F-11D3-BF4B-00C04F79EFBC}") = "Apple.Automation", "F:\UE5\UE_5.3\Engine\Source\Programs\AutomationTool\Apple\Apple.Automation.csproj", "{81E22EFB-41FE-3F15-A7D8-7AD9BEFF2B92}"
EndProject
Project("{FAE04EC0-301F-11D3-BF4B-00C04F79EFBC}") = "AutomationUtils.Automation", "F:\UE5\UE_5.3\Engine\Source\Programs\AutomationTool\AutomationUtils\AutomationUtils.Automation.csproj", "{FC5C798F-36F1-3FEF-A29B-18244CAF45A2}"
EndProject
Project("{FAE04EC0-301F-11D3-BF4B-00C04F79EFBC}") = "BuildGraph.Automation", "F:\UE5\UE_5.3\Engine\Source\Programs\AutomationTool\BuildGraph\BuildGraph.Automation.csproj", "{67726E9B-0BCB-3E18-B73B-E18B94E13406}"
EndProject
Project("{FAE04EC0-301F-11D3-BF4B-00C04F79EFBC}") = "CookedEditor.Automation", "F:\UE5\UE_5.3\Engine\Source\Programs\AutomationTool\CookedEditor\CookedEditor.Automation.csproj", "{AF6F27F8-0E6F-392E-B96A-0813AF1A2666}"
EndProject
Project("{FAE04EC0-301F-11D3-BF4B-00C04F79EFBC}") = "CrowdinLocalization.Automation", "F:\UE5\UE_5.3\Engine\Source\Programs\AutomationTool\CrowdinLocalization\CrowdinLocalization.Automation.csproj", "{99F7C467-4CB0-329B-84B4-8C16594E7F06}"
EndProject
Project("{FAE04EC0-301F-11D3-BF4B-00C04F79EFBC}") = "Gauntlet.Automation", "F:\UE5\UE_5.3\Engine\Source\Programs\AutomationTool\Gauntlet\Gauntlet.Automation.csproj", "{FC92E4E9-21C3-3DCD-9061-197F32E651CF}"
EndProject
Project("{FAE04EC0-301F-11D3-BF4B-00C04F79EFBC}") = "IOS.Automation", "F:\UE5\UE_5.3\Engine\Source\Programs\AutomationTool\IOS\IOS.Automation.csproj", "{6DA7DA18-D046-372B-9D05-382548C21039}"
EndProject
Project("{FAE04EC0-301F-11D3-BF4B-00C04F79EFBC}") = "Linux.Automation", "F:\UE5\UE_5.3\Engine\Source\Programs\AutomationTool\Linux\Linux.Automation.csproj", "{EC391483-BA2A-3B02-894F-6272A80E8001}"
EndProject
Project("{FAE04EC0-301F-11D3-BF4B-00C04F79EFBC}") = "Localization.Automation", "F:\UE5\UE_5.3\Engine\Source\Programs\AutomationTool\Localization\Localization.Automation.csproj", "{06B8A15E-B23E-324F-98E1-07602EFDDB51}"
EndProject
Project("{FAE04EC0-301F-11D3-BF4B-00C04F79EFBC}") = "LowLevelTests.Automation", "F:\UE5\UE_5.3\Engine\Source\Programs\AutomationTool\LowLevelTests\LowLevelTests.Automation.csproj", "{33F94E83-26FD-3308-AFE0-8B0A99CC4177}"
EndProject
Project("{FAE04EC0-301F-11D3-BF4B-00C04F79EFBC}") = "Mac.Automation", "F:\UE5\UE_5.3\Engine\Source\Programs\AutomationTool\Mac\Mac.Automation.csproj", "{E5C4201F-4869-308F-83A7-590851D044A5}"
EndProject
Project("{FAE04EC0-301F-11D3-BF4B-00C04F79EFBC}") = "OneSkyLocalization.Automation", "F:\UE5\UE_5.3\Engine\Source\Programs\AutomationTool\OneSkyLocalization\OneSkyLocalization.Automation.csproj", "{17F6BE60-6C07-3B68-BCDE-E3211E34CAB3}"
EndProject
Project("{FAE04EC0-301F-11D3-BF4B-00C04F79EFBC}") = "AutomationScripts.Automation", "F:\UE5\UE_5.3\Engine\Source\Programs\AutomationTool\Scripts\AutomationScripts.Automation.csproj", "{2AE2474B-0CDE-3B0B-906F-7C0B48E995F8}"
EndProject
Project("{FAE04EC0-301F-11D3-BF4B-00C04F79EFBC}") = "SmartlingLocalization.Automation", "F:\UE5\UE_5.3\Engine\Source\Programs\AutomationTool\SmartlingLocalization\SmartlingLocalization.Automation.csproj", "{C825B532-5A93-3ED1-8094-B19635059144}"
EndProject
Project("{FAE04EC0-301F-11D3-BF4B-00C04F79EFBC}") = "SteamDeck.Automation", "F:\UE5\UE_5.3\Engine\Source\Programs\AutomationTool\SteamDeck\SteamDeck.Automation.csproj", "{A3158709-B900-31D2-A45F-E26E511A8537}"
EndProject
Project("{FAE04EC0-301F-11D3-BF4B-00C04F79EFBC}") = "TVOS.Automation", "F:\UE5\UE_5.3\Engine\Source\Programs\AutomationTool\TVOS\TVOS.Automation.csproj", "{DE9BC853-C50C-3DF2-AEC1-327C6B72410E}"
EndProject
Project("{FAE04EC0-301F-11D3-BF4B-00C04F79EFBC}") = "Turnkey.Automation", "F:\UE5\UE_5.3\Engine\Source\Programs\AutomationTool\Turnkey\Turnkey.Automation.csproj", "{9E16181A-B8EF-34DE-A982-4D5F95D5A9AE}"
EndProject
Project("{FAE04EC0-301F-11D3-BF4B-00C04F79EFBC}") = "Win.Automation", "F:\UE5\UE_5.3\Engine\Source\Programs\AutomationTool\Win\Win.Automation.csproj", "{A37B6039-3F91-3372-9882-2EFAF38D1D53}"
EndProject
Project("{FAE04EC0-301F-11D3-BF4B-00C04F79EFBC}") = "XLocLocalization.Automation", "F:\UE5\UE_5.3\Engine\Source\Programs\AutomationTool\XLocLocalization\XLocLocalization.Automation.csproj", "{E57603D1-B8BD-3645-8688-A21C0FED2DD8}"
EndProject
Project("{FAE04EC0-301F-11D3-BF4B-00C04F79EFBC}") = "ScriptGeneratorUbtPlugin.ubtplugin", "F:\UE5\UE_5.3\Engine\Plugins\ScriptPlugin\Source\ScriptGeneratorUbtPlugin\ScriptGeneratorUbtPlugin.ubtplugin.csproj", "{176845DA-B660-320B-8C64-474A31C7D33A}"
EndProject
Project("{FAE04EC0-301F-11D3-BF4B-00C04F79EFBC}") = "EpicGames.AspNet", "F:\UE5\UE_5.3\Engine\Source\Programs\Shared\EpicGames.AspNet\EpicGames.AspNet.csproj", "{7D53B213-AD61-333E-9FB9-85D8C1BF74DC}"
EndProject
Project("{FAE04EC0-301F-11D3-BF4B-00C04F79EFBC}") = "EpicGames.Box", "F:\UE5\UE_5.3\Engine\Source\Programs\Shared\EpicGames.Box\EpicGames.Box.csproj", "{DEF68773-5D30-3A62-816B-BA0B7A31C53B}"
EndProject
Project("{FAE04EC0-301F-11D3-BF4B-00C04F79EFBC}") = "EpicGames.Build", "F:\UE5\UE_5.3\Engine\Source\Programs\Shared\EpicGames.Build\EpicGames.Build.csproj", "{CFC03FC6-B394-344D-BF36-5099526EA9D0}"
EndProject
Project("{FAE04EC0-301F-11D3-BF4B-00C04F79EFBC}") = "EpicGames.BuildGraph", "F:\UE5\UE_5.3\Engine\Source\Programs\Shared\EpicGames.BuildGraph\EpicGames.BuildGraph.csproj", "{BF5DF9A3-55D5-329C-B075-D70CDC57E34F}"
EndProject
Project("{FAE04EC0-301F-11D3-BF4B-00C04F79EFBC}") = "EpicGames.Core", "F:\UE5\UE_5.3\Engine\Source\Programs\Shared\EpicGames.Core\EpicGames.Core.csproj", "{98A2C37A-5E95-3B28-8F3D-4185EEE6B2F7}"
EndProject
Project("{FAE04EC0-301F-11D3-BF4B-00C04F79EFBC}") = "EpicGames.Horde", "F:\UE5\UE_5.3\Engine\Source\Programs\Shared\EpicGames.Horde\EpicGames.Horde.csproj", "{E4D32F4D-00F4-3BD6-BC2E-11A2E08839C5}"
EndProject
Project("{FAE04EC0-301F-11D3-BF4B-00C04F79EFBC}") = "EpicGames.IoHash", "F:\UE5\UE_5.3\Engine\Source\Programs\Shared\EpicGames.IoHash\EpicGames.IoHash.csproj", "{AE89A1F5-C408-3C88-91E5-F1F3127AC496}"
EndProject
Project("{FAE04EC0-301F-11D3-BF4B-00C04F79EFBC}") = "EpicGames.Jupiter", "F:\UE5\UE_5.3\Engine\Source\Programs\Shared\EpicGames.Jupiter\EpicGames.Jupiter.csproj", "{5D220130-E1D3-31DF-A5D4-90E2FA58EC1D}"
EndProject
Project("{FAE04EC0-301F-11D3-BF4B-00C04F79EFBC}") = "EpicGames.MongoDB", "F:\UE5\UE_5.3\Engine\Source\Programs\Shared\EpicGames.MongoDB\EpicGames.MongoDB.csproj", "{54C9BCF3-F16E-39E1-8754-362A01704260}"
EndProject
Project("{FAE04EC0-301F-11D3-BF4B-00C04F79EFBC}") = "EpicGames.MsBuild", "F:\UE5\UE_5.3\Engine\Source\Programs\Shared\EpicGames.MsBuild\EpicGames.MsBuild.csproj", "{ECFE0C0D-93E6-38A4-83AD-2761C3F90C91}"
EndProject
Project("{FAE04EC0-301F-11D3-BF4B-00C04F79EFBC}") = "EpicGames.OIDC", "F:\UE5\UE_5.3\Engine\Source\Programs\Shared\EpicGames.OIDC\EpicGames.OIDC.csproj", "{4DD7B1EA-A186-3DE6-A093-04656543F7DA}"
EndProject
Project("{FAE04EC0-301F-11D3-BF4B-00C04F79EFBC}") = "EpicGames.Oodle", "F:\UE5\UE_5.3\Engine\Source\Programs\Shared\EpicGames.Oodle\EpicGames.Oodle.csproj", "{66AC3612-E6F4-386E-8443-BE54FEE8411A}"
EndProject
Project("{FAE04EC0-301F-11D3-BF4B-00C04F79EFBC}") = "EpicGames.Perforce", "F:\UE5\UE_5.3\Engine\Source\Programs\Shared\EpicGames.Perforce\EpicGames.Perforce.csproj", "{D01C7D6D-3705-3744-B98C-7974D4B3669F}"
EndProject
Project("{FAE04EC0-301F-11D3-BF4B-00C04F79EFBC}") = "EpicGames.Perforce.Fixture", "F:\UE5\UE_5.3\Engine\Source\Programs\Shared\EpicGames.Perforce.Fixture\EpicGames.Perforce.Fixture.csproj", "{57DCDF63-C1E7-3558-8C5E-FB80D7ED32DE}"
EndProject
Project("{FAE04EC0-301F-11D3-BF4B-00C04F79EFBC}") = "EpicGames.Perforce.Managed", "F:\UE5\UE_5.3\Engine\Source\Programs\Shared\EpicGames.Perforce.Managed\EpicGames.Perforce.Managed.csproj", "{A35B9C9F-6A87-3EBF-BFA1-8C9D1805D26A}"
EndProject
Project("{FAE04EC0-301F-11D3-BF4B-00C04F79EFBC}") = "EpicGames.Redis", "F:\UE5\UE_5.3\Engine\Source\Programs\Shared\EpicGames.Redis\EpicGames.Redis.csproj", "{FD921FF7-F806-3F44-9DE3-4138E107BC36}"
EndProject
Project("{FAE04EC0-301F-11D3-BF4B-00C04F79EFBC}") = "EpicGames.Serialization", "F:\UE5\UE_5.3\Engine\Source\Programs\Shared\EpicGames.Serialization\EpicGames.Serialization.csproj", "{0EBE91E7-7F5A-351B-B690-E66748FC0191}"
EndProject
Project("{FAE04EC0-301F-11D3-BF4B-00C04F79EFBC}") = "EpicGames.Slack", "F:\UE5\UE_5.3\Engine\Source\Programs\Shared\EpicGames.Slack\EpicGames.Slack.csproj", "{6FD22167-BE54-3F93-94AA-E5BA9F61671F}"
EndProject
Project("{FAE04EC0-301F-11D3-BF4B-00C04F79EFBC}") = "EpicGames.Tracing", "F:\UE5\UE_5.3\Engine\Source\Programs\Shared\EpicGames.Tracing\EpicGames.Tracing.csproj", "{8C124A00-E24F-3BA5-9384-D6A52CE60105}"
EndProject
Project("{FAE04EC0-301F-11D3-BF4B-00C04F79EFBC}") = "EpicGames.UHT", "F:\UE5\UE_5.3\Engine\Source\Programs\Shared\EpicGames.UHT\EpicGames.UHT.csproj", "{CB3D0CE5-7AE7-3808-8E95-CA3FA2E1F224}"
EndProject
Project("{FAE04EC0-301F-11D3-BF4B-00C04F79EFBC}") = "AuraModuleRules", "Intermediate\Build\BuildRulesProjects\AuraModuleRules\AuraModuleRules.csproj", "{1241C885-472A-38A7-9FC6-FB6E525721CE}"
EndProject
Project("{FAE04EC0-301F-11D3-BF4B-00C04F79EFBC}") = "MarketplaceRules", "F:\UE5\UE_5.3\Engine\Intermediate\Build\BuildRulesProjects\MarketplaceRules\MarketplaceRules.csproj", "{0EC1EDC1-023E-3D70-A86F-12F9578B85DD}"
EndProject
Project("{FAE04EC0-301F-11D3-BF4B-00C04F79EFBC}") = "UE5ProgramRules", "F:\UE5\UE_5.3\Engine\Intermediate\Build\BuildRulesProjects\UE5ProgramRules\UE5ProgramRules.csproj", "{6B0276EF-7D32-30A1-BA44-6C042F4C5DE8}"
EndProject
Project("{FAE04EC0-301F-11D3-BF4B-00C04F79EFBC}") = "UE5Rules", "F:\UE5\UE_5.3\Engine\Intermediate\Build\BuildRulesProjects\UE5Rules\UE5Rules.csproj", "{F8A9087D-816C-32BE-9A5D-E7C85BAC9D2E}"
EndProject
Project("{2150E333-8FDC-42A3-9474-1A3956D46DE8}") = "Visualizers", "Visualizers", "{1CCEC849-CC72-4C59-8C36-2F7C38706D4C}"
	ProjectSection(SolutionItems) = preProject
		F:\UE5\UE_5.3\Engine\Extras\VisualStudioDebugging\Unreal.natvis = F:\UE5\UE_5.3\Engine\Extras\VisualStudioDebugging\Unreal.natvis
		F:\UE5\UE_5.3\Engine\Extras\VisualStudioDebugging\Unreal.natstepfilter = F:\UE5\UE_5.3\Engine\Extras\VisualStudioDebugging\Unreal.natstepfilter
	EndProjectSection
EndProject
Global
	GlobalSection(SolutionConfigurationPlatforms) = preSolution
		DebugGame Editor|Win64 = DebugGame Editor|Win64
		DebugGame|Win64 = DebugGame|Win64
		Development Editor|Win64 = Development Editor|Win64
		Development|Win64 = Development|Win64
		Shipping|Win64 = Shipping|Win64
	EndGlobalSection
	# UnrealVS Section
	GlobalSection(ddbf523f-7eb6-4887-bd51-85a714ff87eb) = preSolution
		AvailablePlatforms=Win64
	EndGlobalSection
	GlobalSection(ProjectConfigurationPlatforms) = postSolution
		{F31915AA-52CC-3882-A9D3-4200CE2B9F88}.DebugGame Editor|Win64.ActiveCfg = DebugGame_Editor|x64
		{F31915AA-52CC-3882-A9D3-4200CE2B9F88}.DebugGame Editor|Win64.Build.0 = DebugGame_Editor|x64
		{F31915AA-52CC-3882-A9D3-4200CE2B9F88}.DebugGame|Win64.ActiveCfg = DebugGame|x64
		{F31915AA-52CC-3882-A9D3-4200CE2B9F88}.DebugGame|Win64.Build.0 = DebugGame|x64
		{F31915AA-52CC-3882-A9D3-4200CE2B9F88}.Development Editor|Win64.ActiveCfg = Development_Editor|x64
		{F31915AA-52CC-3882-A9D3-4200CE2B9F88}.Development Editor|Win64.Build.0 = Development_Editor|x64
		{F31915AA-52CC-3882-A9D3-4200CE2B9F88}.Development|Win64.ActiveCfg = Development|x64
		{F31915AA-52CC-3882-A9D3-4200CE2B9F88}.Development|Win64.Build.0 = Development|x64
		{F31915AA-52CC-3882-A9D3-4200CE2B9F88}.Shipping|Win64.ActiveCfg = Shipping|x64
		{F31915AA-52CC-3882-A9D3-4200CE2B9F88}.Shipping|Win64.Build.0 = Shipping|x64
		{727AEAFF-1D15-3DAC-A4EB-373808C7471D}.DebugGame Editor|Win64.ActiveCfg = BuiltWithUnrealBuildTool|Win64
		{727AEAFF-1D15-3DAC-A4EB-373808C7471D}.DebugGame|Win64.ActiveCfg = BuiltWithUnrealBuildTool|Win64
		{727AEAFF-1D15-3DAC-A4EB-373808C7471D}.Development Editor|Win64.ActiveCfg = BuiltWithUnrealBuildTool|Win64
		{727AEAFF-1D15-3DAC-A4EB-373808C7471D}.Development|Win64.ActiveCfg = BuiltWithUnrealBuildTool|Win64
		{727AEAFF-1D15-3DAC-A4EB-373808C7471D}.Shipping|Win64.ActiveCfg = BuiltWithUnrealBuildTool|Win64
		{AF3CE968-4C5B-3082-B6F5-B53970E10DBA}.DebugGame Editor|Win64.ActiveCfg = Development|Any CPU
		{AF3CE968-4C5B-3082-B6F5-B53970E10DBA}.DebugGame Editor|Win64.Build.0 = Development|Any CPU
		{AF3CE968-4C5B-3082-B6F5-B53970E10DBA}.DebugGame|Win64.ActiveCfg = Development|Any CPU
		{AF3CE968-4C5B-3082-B6F5-B53970E10DBA}.DebugGame|Win64.Build.0 = Development|Any CPU
		{AF3CE968-4C5B-3082-B6F5-B53970E10DBA}.Development Editor|Win64.ActiveCfg = Development|Any CPU
		{AF3CE968-4C5B-3082-B6F5-B53970E10DBA}.Development Editor|Win64.Build.0 = Development|Any CPU
		{AF3CE968-4C5B-3082-B6F5-B53970E10DBA}.Development|Win64.ActiveCfg = Development|Any CPU
		{AF3CE968-4C5B-3082-B6F5-B53970E10DBA}.Development|Win64.Build.0 = Development|Any CPU
		{AF3CE968-4C5B-3082-B6F5-B53970E10DBA}.Shipping|Win64.ActiveCfg = Development|Any CPU
		{AF3CE968-4C5B-3082-B6F5-B53970E10DBA}.Shipping|Win64.Build.0 = Development|Any CPU
		{D59FBB8D-C184-3C90-881D-B90A0FA08DA7}.DebugGame Editor|Win64.ActiveCfg = Development|Any CPU
		{D59FBB8D-C184-3C90-881D-B90A0FA08DA7}.DebugGame Editor|Win64.Build.0 = Development|Any CPU
		{D59FBB8D-C184-3C90-881D-B90A0FA08DA7}.DebugGame|Win64.ActiveCfg = Development|Any CPU
		{D59FBB8D-C184-3C90-881D-B90A0FA08DA7}.DebugGame|Win64.Build.0 = Development|Any CPU
		{D59FBB8D-C184-3C90-881D-B90A0FA08DA7}.Development Editor|Win64.ActiveCfg = Development|Any CPU
		{D59FBB8D-C184-3C90-881D-B90A0FA08DA7}.Development Editor|Win64.Build.0 = Development|Any CPU
		{D59FBB8D-C184-3C90-881D-B90A0FA08DA7}.Development|Win64.ActiveCfg = Development|Any CPU
		{D59FBB8D-C184-3C90-881D-B90A0FA08DA7}.Development|Win64.Build.0 = Development|Any CPU
		{D59FBB8D-C184-3C90-881D-B90A0FA08DA7}.Shipping|Win64.ActiveCfg = Development|Any CPU
		{D59FBB8D-C184-3C90-881D-B90A0FA08DA7}.Shipping|Win64.Build.0 = Development|Any CPU
		{0C166FA5-EE2A-3350-B288-5FEDF3E42CCA}.DebugGame Editor|Win64.ActiveCfg = Development|Any CPU
		{0C166FA5-EE2A-3350-B288-5FEDF3E42CCA}.DebugGame Editor|Win64.Build.0 = Development|Any CPU
		{0C166FA5-EE2A-3350-B288-5FEDF3E42CCA}.DebugGame|Win64.ActiveCfg = Development|Any CPU
		{0C166FA5-EE2A-3350-B288-5FEDF3E42CCA}.DebugGame|Win64.Build.0 = Development|Any CPU
		{0C166FA5-EE2A-3350-B288-5FEDF3E42CCA}.Development Editor|Win64.ActiveCfg = Development|Any CPU
		{0C166FA5-EE2A-3350-B288-5FEDF3E42CCA}.Development Editor|Win64.Build.0 = Development|Any CPU
		{0C166FA5-EE2A-3350-B288-5FEDF3E42CCA}.Development|Win64.ActiveCfg = Development|Any CPU
		{0C166FA5-EE2A-3350-B288-5FEDF3E42CCA}.Development|Win64.Build.0 = Development|Any CPU
		{0C166FA5-EE2A-3350-B288-5FEDF3E42CCA}.Shipping|Win64.ActiveCfg = Development|Any CPU
		{0C166FA5-EE2A-3350-B288-5FEDF3E42CCA}.Shipping|Win64.Build.0 = Development|Any CPU
		{81E22EFB-41FE-3F15-A7D8-7AD9BEFF2B92}.DebugGame Editor|Win64.ActiveCfg = Development|Any CPU
		{81E22EFB-41FE-3F15-A7D8-7AD9BEFF2B92}.DebugGame Editor|Win64.Build.0 = Development|Any CPU
		{81E22EFB-41FE-3F15-A7D8-7AD9BEFF2B92}.DebugGame|Win64.ActiveCfg = Development|Any CPU
		{81E22EFB-41FE-3F15-A7D8-7AD9BEFF2B92}.DebugGame|Win64.Build.0 = Development|Any CPU
		{81E22EFB-41FE-3F15-A7D8-7AD9BEFF2B92}.Development Editor|Win64.ActiveCfg = Development|Any CPU
		{81E22EFB-41FE-3F15-A7D8-7AD9BEFF2B92}.Development Editor|Win64.Build.0 = Development|Any CPU
		{81E22EFB-41FE-3F15-A7D8-7AD9BEFF2B92}.Development|Win64.ActiveCfg = Development|Any CPU
		{81E22EFB-41FE-3F15-A7D8-7AD9BEFF2B92}.Development|Win64.Build.0 = Development|Any CPU
		{81E22EFB-41FE-3F15-A7D8-7AD9BEFF2B92}.Shipping|Win64.ActiveCfg = Development|Any CPU
		{81E22EFB-41FE-3F15-A7D8-7AD9BEFF2B92}.Shipping|Win64.Build.0 = Development|Any CPU
		{FC5C798F-36F1-3FEF-A29B-18244CAF45A2}.DebugGame Editor|Win64.ActiveCfg = Development|Any CPU
		{FC5C798F-36F1-3FEF-A29B-18244CAF45A2}.DebugGame Editor|Win64.Build.0 = Development|Any CPU
		{FC5C798F-36F1-3FEF-A29B-18244CAF45A2}.DebugGame|Win64.ActiveCfg = Development|Any CPU
		{FC5C798F-36F1-3FEF-A29B-18244CAF45A2}.DebugGame|Win64.Build.0 = Development|Any CPU
		{FC5C798F-36F1-3FEF-A29B-18244CAF45A2}.Development Editor|Win64.ActiveCfg = Development|Any CPU
		{FC5C798F-36F1-3FEF-A29B-18244CAF45A2}.Development Editor|Win64.Build.0 = Development|Any CPU
		{FC5C798F-36F1-3FEF-A29B-18244CAF45A2}.Development|Win64.ActiveCfg = Development|Any CPU
		{FC5C798F-36F1-3FEF-A29B-18244CAF45A2}.Development|Win64.Build.0 = Development|Any CPU
		{FC5C798F-36F1-3FEF-A29B-18244CAF45A2}.Shipping|Win64.ActiveCfg = Development|Any CPU
		{FC5C798F-36F1-3FEF-A29B-18244CAF45A2}.Shipping|Win64.Build.0 = Development|Any CPU
		{67726E9B-0BCB-3E18-B73B-E18B94E13406}.DebugGame Editor|Win64.ActiveCfg = Development|Any CPU
		{67726E9B-0BCB-3E18-B73B-E18B94E13406}.DebugGame Editor|Win64.Build.0 = Development|Any CPU
		{67726E9B-0BCB-3E18-B73B-E18B94E13406}.DebugGame|Win64.ActiveCfg = Development|Any CPU
		{67726E9B-0BCB-3E18-B73B-E18B94E13406}.DebugGame|Win64.Build.0 = Development|Any CPU
		{67726E9B-0BCB-3E18-B73B-E18B94E13406}.Development Editor|Win64.ActiveCfg = Development|Any CPU
		{67726E9B-0BCB-3E18-B73B-E18B94E13406}.Development Editor|Win64.Build.0 = Development|Any CPU
		{67726E9B-0BCB-3E18-B73B-E18B94E13406}.Development|Win64.ActiveCfg = Development|Any CPU
		{67726E9B-0BCB-3E18-B73B-E18B94E13406}.Development|Win64.Build.0 = Development|Any CPU
		{67726E9B-0BCB-3E18-B73B-E18B94E13406}.Shipping|Win64.ActiveCfg = Development|Any CPU
		{67726E9B-0BCB-3E18-B73B-E18B94E13406}.Shipping|Win64.Build.0 = Development|Any CPU
		{AF6F27F8-0E6F-392E-B96A-0813AF1A2666}.DebugGame Editor|Win64.ActiveCfg = Development|Any CPU
		{AF6F27F8-0E6F-392E-B96A-0813AF1A2666}.DebugGame Editor|Win64.Build.0 = Development|Any CPU
		{AF6F27F8-0E6F-392E-B96A-0813AF1A2666}.DebugGame|Win64.ActiveCfg = Development|Any CPU
		{AF6F27F8-0E6F-392E-B96A-0813AF1A2666}.DebugGame|Win64.Build.0 = Development|Any CPU
		{AF6F27F8-0E6F-392E-B96A-0813AF1A2666}.Development Editor|Win64.ActiveCfg = Development|Any CPU
		{AF6F27F8-0E6F-392E-B96A-0813AF1A2666}.Development Editor|Win64.Build.0 = Development|Any CPU
		{AF6F27F8-0E6F-392E-B96A-0813AF1A2666}.Development|Win64.ActiveCfg = Development|Any CPU
		{AF6F27F8-0E6F-392E-B96A-0813AF1A2666}.Development|Win64.Build.0 = Development|Any CPU
		{AF6F27F8-0E6F-392E-B96A-0813AF1A2666}.Shipping|Win64.ActiveCfg = Development|Any CPU
		{AF6F27F8-0E6F-392E-B96A-0813AF1A2666}.Shipping|Win64.Build.0 = Development|Any CPU
		{99F7C467-4CB0-329B-84B4-8C16594E7F06}.DebugGame Editor|Win64.ActiveCfg = Development|Any CPU
		{99F7C467-4CB0-329B-84B4-8C16594E7F06}.DebugGame Editor|Win64.Build.0 = Development|Any CPU
		{99F7C467-4CB0-329B-84B4-8C16594E7F06}.DebugGame|Win64.ActiveCfg = Development|Any CPU
		{99F7C467-4CB0-329B-84B4-8C16594E7F06}.DebugGame|Win64.Build.0 = Development|Any CPU
		{99F7C467-4CB0-329B-84B4-8C16594E7F06}.Development Editor|Win64.ActiveCfg = Development|Any CPU
		{99F7C467-4CB0-329B-84B4-8C16594E7F06}.Development Editor|Win64.Build.0 = Development|Any CPU
		{99F7C467-4CB0-329B-84B4-8C16594E7F06}.Development|Win64.ActiveCfg = Development|Any CPU
		{99F7C467-4CB0-329B-84B4-8C16594E7F06}.Development|Win64.Build.0 = Development|Any CPU
		{99F7C467-4CB0-329B-84B4-8C16594E7F06}.Shipping|Win64.ActiveCfg = Development|Any CPU
		{99F7C467-4CB0-329B-84B4-8C16594E7F06}.Shipping|Win64.Build.0 = Development|Any CPU
		{FC92E4E9-21C3-3DCD-9061-197F32E651CF}.DebugGame Editor|Win64.ActiveCfg = Development|Any CPU
		{FC92E4E9-21C3-3DCD-9061-197F32E651CF}.DebugGame Editor|Win64.Build.0 = Development|Any CPU
		{FC92E4E9-21C3-3DCD-9061-197F32E651CF}.DebugGame|Win64.ActiveCfg = Development|Any CPU
		{FC92E4E9-21C3-3DCD-9061-197F32E651CF}.DebugGame|Win64.Build.0 = Development|Any CPU
		{FC92E4E9-21C3-3DCD-9061-197F32E651CF}.Development Editor|Win64.ActiveCfg = Development|Any CPU
		{FC92E4E9-21C3-3DCD-9061-197F32E651CF}.Development Editor|Win64.Build.0 = Development|Any CPU
		{FC92E4E9-21C3-3DCD-9061-197F32E651CF}.Development|Win64.ActiveCfg = Development|Any CPU
		{FC92E4E9-21C3-3DCD-9061-197F32E651CF}.Development|Win64.Build.0 = Development|Any CPU
		{FC92E4E9-21C3-3DCD-9061-197F32E651CF}.Shipping|Win64.ActiveCfg = Development|Any CPU
		{FC92E4E9-21C3-3DCD-9061-197F32E651CF}.Shipping|Win64.Build.0 = Development|Any CPU
		{6DA7DA18-D046-372B-9D05-382548C21039}.DebugGame Editor|Win64.ActiveCfg = Development|Any CPU
		{6DA7DA18-D046-372B-9D05-382548C21039}.DebugGame Editor|Win64.Build.0 = Development|Any CPU
		{6DA7DA18-D046-372B-9D05-382548C21039}.DebugGame|Win64.ActiveCfg = Development|Any CPU
		{6DA7DA18-D046-372B-9D05-382548C21039}.DebugGame|Win64.Build.0 = Development|Any CPU
		{6DA7DA18-D046-372B-9D05-382548C21039}.Development Editor|Win64.ActiveCfg = Development|Any CPU
		{6DA7DA18-D046-372B-9D05-382548C21039}.Development Editor|Win64.Build.0 = Development|Any CPU
		{6DA7DA18-D046-372B-9D05-382548C21039}.Development|Win64.ActiveCfg = Development|Any CPU
		{6DA7DA18-D046-372B-9D05-382548C21039}.Development|Win64.Build.0 = Development|Any CPU
		{6DA7DA18-D046-372B-9D05-382548C21039}.Shipping|Win64.ActiveCfg = Development|Any CPU
		{6DA7DA18-D046-372B-9D05-382548C21039}.Shipping|Win64.Build.0 = Development|Any CPU
		{EC391483-BA2A-3B02-894F-6272A80E8001}.DebugGame Editor|Win64.ActiveCfg = Development|Any CPU
		{EC391483-BA2A-3B02-894F-6272A80E8001}.DebugGame Editor|Win64.Build.0 = Development|Any CPU
		{EC391483-BA2A-3B02-894F-6272A80E8001}.DebugGame|Win64.ActiveCfg = Development|Any CPU
		{EC391483-BA2A-3B02-894F-6272A80E8001}.DebugGame|Win64.Build.0 = Development|Any CPU
		{EC391483-BA2A-3B02-894F-6272A80E8001}.Development Editor|Win64.ActiveCfg = Development|Any CPU
		{EC391483-BA2A-3B02-894F-6272A80E8001}.Development Editor|Win64.Build.0 = Development|Any CPU
		{EC391483-BA2A-3B02-894F-6272A80E8001}.Development|Win64.ActiveCfg = Development|Any CPU
		{EC391483-BA2A-3B02-894F-6272A80E8001}.Development|Win64.Build.0 = Development|Any CPU
		{EC391483-BA2A-3B02-894F-6272A80E8001}.Shipping|Win64.ActiveCfg = Development|Any CPU
		{EC391483-BA2A-3B02-894F-6272A80E8001}.Shipping|Win64.Build.0 = Development|Any CPU
		{06B8A15E-B23E-324F-98E1-07602EFDDB51}.DebugGame Editor|Win64.ActiveCfg = Development|Any CPU
		{06B8A15E-B23E-324F-98E1-07602EFDDB51}.DebugGame Editor|Win64.Build.0 = Development|Any CPU
		{06B8A15E-B23E-324F-98E1-07602EFDDB51}.DebugGame|Win64.ActiveCfg = Development|Any CPU
		{06B8A15E-B23E-324F-98E1-07602EFDDB51}.DebugGame|Win64.Build.0 = Development|Any CPU
		{06B8A15E-B23E-324F-98E1-07602EFDDB51}.Development Editor|Win64.ActiveCfg = Development|Any CPU
		{06B8A15E-B23E-324F-98E1-07602EFDDB51}.Development Editor|Win64.Build.0 = Development|Any CPU
		{06B8A15E-B23E-324F-98E1-07602EFDDB51}.Development|Win64.ActiveCfg = Development|Any CPU
		{06B8A15E-B23E-324F-98E1-07602EFDDB51}.Development|Win64.Build.0 = Development|Any CPU
		{06B8A15E-B23E-324F-98E1-07602EFDDB51}.Shipping|Win64.ActiveCfg = Development|Any CPU
		{06B8A15E-B23E-324F-98E1-07602EFDDB51}.Shipping|Win64.Build.0 = Development|Any CPU
		{33F94E83-26FD-3308-AFE0-8B0A99CC4177}.DebugGame Editor|Win64.ActiveCfg = Development|Any CPU
		{33F94E83-26FD-3308-AFE0-8B0A99CC4177}.DebugGame Editor|Win64.Build.0 = Development|Any CPU
		{33F94E83-26FD-3308-AFE0-8B0A99CC4177}.DebugGame|Win64.ActiveCfg = Development|Any CPU
		{33F94E83-26FD-3308-AFE0-8B0A99CC4177}.DebugGame|Win64.Build.0 = Development|Any CPU
		{33F94E83-26FD-3308-AFE0-8B0A99CC4177}.Development Editor|Win64.ActiveCfg = Development|Any CPU
		{33F94E83-26FD-3308-AFE0-8B0A99CC4177}.Development Editor|Win64.Build.0 = Development|Any CPU
		{33F94E83-26FD-3308-AFE0-8B0A99CC4177}.Development|Win64.ActiveCfg = Development|Any CPU
		{33F94E83-26FD-3308-AFE0-8B0A99CC4177}.Development|Win64.Build.0 = Development|Any CPU
		{33F94E83-26FD-3308-AFE0-8B0A99CC4177}.Shipping|Win64.ActiveCfg = Development|Any CPU
		{33F94E83-26FD-3308-AFE0-8B0A99CC4177}.Shipping|Win64.Build.0 = Development|Any CPU
		{E5C4201F-4869-308F-83A7-590851D044A5}.DebugGame Editor|Win64.ActiveCfg = Development|Any CPU
		{E5C4201F-4869-308F-83A7-590851D044A5}.DebugGame Editor|Win64.Build.0 = Development|Any CPU
		{E5C4201F-4869-308F-83A7-590851D044A5}.DebugGame|Win64.ActiveCfg = Development|Any CPU
		{E5C4201F-4869-308F-83A7-590851D044A5}.DebugGame|Win64.Build.0 = Development|Any CPU
		{E5C4201F-4869-308F-83A7-590851D044A5}.Development Editor|Win64.ActiveCfg = Development|Any CPU
		{E5C4201F-4869-308F-83A7-590851D044A5}.Development Editor|Win64.Build.0 = Development|Any CPU
		{E5C4201F-4869-308F-83A7-590851D044A5}.Development|Win64.ActiveCfg = Development|Any CPU
		{E5C4201F-4869-308F-83A7-590851D044A5}.Development|Win64.Build.0 = Development|Any CPU
		{E5C4201F-4869-308F-83A7-590851D044A5}.Shipping|Win64.ActiveCfg = Development|Any CPU
		{E5C4201F-4869-308F-83A7-590851D044A5}.Shipping|Win64.Build.0 = Development|Any CPU
		{17F6BE60-6C07-3B68-BCDE-E3211E34CAB3}.DebugGame Editor|Win64.ActiveCfg = Development|Any CPU
		{17F6BE60-6C07-3B68-BCDE-E3211E34CAB3}.DebugGame Editor|Win64.Build.0 = Development|Any CPU
		{17F6BE60-6C07-3B68-BCDE-E3211E34CAB3}.DebugGame|Win64.ActiveCfg = Development|Any CPU
		{17F6BE60-6C07-3B68-BCDE-E3211E34CAB3}.DebugGame|Win64.Build.0 = Development|Any CPU
		{17F6BE60-6C07-3B68-BCDE-E3211E34CAB3}.Development Editor|Win64.ActiveCfg = Development|Any CPU
		{17F6BE60-6C07-3B68-BCDE-E3211E34CAB3}.Development Editor|Win64.Build.0 = Development|Any CPU
		{17F6BE60-6C07-3B68-BCDE-E3211E34CAB3}.Development|Win64.ActiveCfg = Development|Any CPU
		{17F6BE60-6C07-3B68-BCDE-E3211E34CAB3}.Development|Win64.Build.0 = Development|Any CPU
		{17F6BE60-6C07-3B68-BCDE-E3211E34CAB3}.Shipping|Win64.ActiveCfg = Development|Any CPU
		{17F6BE60-6C07-3B68-BCDE-E3211E34CAB3}.Shipping|Win64.Build.0 = Development|Any CPU
		{2AE2474B-0CDE-3B0B-906F-7C0B48E995F8}.DebugGame Editor|Win64.ActiveCfg = Development|Any CPU
		{2AE2474B-0CDE-3B0B-906F-7C0B48E995F8}.DebugGame Editor|Win64.Build.0 = Development|Any CPU
		{2AE2474B-0CDE-3B0B-906F-7C0B48E995F8}.DebugGame|Win64.ActiveCfg = Development|Any CPU
		{2AE2474B-0CDE-3B0B-906F-7C0B48E995F8}.DebugGame|Win64.Build.0 = Development|Any CPU
		{2AE2474B-0CDE-3B0B-906F-7C0B48E995F8}.Development Editor|Win64.ActiveCfg = Development|Any CPU
		{2AE2474B-0CDE-3B0B-906F-7C0B48E995F8}.Development Editor|Win64.Build.0 = Development|Any CPU
		{2AE2474B-0CDE-3B0B-906F-7C0B48E995F8}.Development|Win64.ActiveCfg = Development|Any CPU
		{2AE2474B-0CDE-3B0B-906F-7C0B48E995F8}.Development|Win64.Build.0 = Development|Any CPU
		{2AE2474B-0CDE-3B0B-906F-7C0B48E995F8}.Shipping|Win64.ActiveCfg = Development|Any CPU
		{2AE2474B-0CDE-3B0B-906F-7C0B48E995F8}.Shipping|Win64.Build.0 = Development|Any CPU
		{C825B532-5A93-3ED1-8094-B19635059144}.DebugGame Editor|Win64.ActiveCfg = Development|Any CPU
		{C825B532-5A93-3ED1-8094-B19635059144}.DebugGame Editor|Win64.Build.0 = Development|Any CPU
		{C825B532-5A93-3ED1-8094-B19635059144}.DebugGame|Win64.ActiveCfg = Development|Any CPU
		{C825B532-5A93-3ED1-8094-B19635059144}.DebugGame|Win64.Build.0 = Development|Any CPU
		{C825B532-5A93-3ED1-8094-B19635059144}.Development Editor|Win64.ActiveCfg = Development|Any CPU
		{C825B532-5A93-3ED1-8094-B19635059144}.Development Editor|Win64.Build.0 = Development|Any CPU
		{C825B532-5A93-3ED1-8094-B19635059144}.Development|Win64.ActiveCfg = Development|Any CPU
		{C825B532-5A93-3ED1-8094-B19635059144}.Development|Win64.Build.0 = Development|Any CPU
		{C825B532-5A93-3ED1-8094-B19635059144}.Shipping|Win64.ActiveCfg = Development|Any CPU
		{C825B532-5A93-3ED1-8094-B19635059144}.Shipping|Win64.Build.0 = Development|Any CPU
		{A3158709-B900-31D2-A45F-E26E511A8537}.DebugGame Editor|Win64.ActiveCfg = Development|Any CPU
		{A3158709-B900-31D2-A45F-E26E511A8537}.DebugGame Editor|Win64.Build.0 = Development|Any CPU
		{A3158709-B900-31D2-A45F-E26E511A8537}.DebugGame|Win64.ActiveCfg = Development|Any CPU
		{A3158709-B900-31D2-A45F-E26E511A8537}.DebugGame|Win64.Build.0 = Development|Any CPU
		{A3158709-B900-31D2-A45F-E26E511A8537}.Development Editor|Win64.ActiveCfg = Development|Any CPU
		{A3158709-B900-31D2-A45F-E26E511A8537}.Development Editor|Win64.Build.0 = Development|Any CPU
		{A3158709-B900-31D2-A45F-E26E511A8537}.Development|Win64.ActiveCfg = Development|Any CPU
		{A3158709-B900-31D2-A45F-E26E511A8537}.Development|Win64.Build.0 = Development|Any CPU
		{A3158709-B900-31D2-A45F-E26E511A8537}.Shipping|Win64.ActiveCfg = Development|Any CPU
		{A3158709-B900-31D2-A45F-E26E511A8537}.Shipping|Win64.Build.0 = Development|Any CPU
		{DE9BC853-C50C-3DF2-AEC1-327C6B72410E}.DebugGame Editor|Win64.ActiveCfg = Development|Any CPU
		{DE9BC853-C50C-3DF2-AEC1-327C6B72410E}.DebugGame Editor|Win64.Build.0 = Development|Any CPU
		{DE9BC853-C50C-3DF2-AEC1-327C6B72410E}.DebugGame|Win64.ActiveCfg = Development|Any CPU
		{DE9BC853-C50C-3DF2-AEC1-327C6B72410E}.DebugGame|Win64.Build.0 = Development|Any CPU
		{DE9BC853-C50C-3DF2-AEC1-327C6B72410E}.Development Editor|Win64.ActiveCfg = Development|Any CPU
		{DE9BC853-C50C-3DF2-AEC1-327C6B72410E}.Development Editor|Win64.Build.0 = Development|Any CPU
		{DE9BC853-C50C-3DF2-AEC1-327C6B72410E}.Development|Win64.ActiveCfg = Development|Any CPU
		{DE9BC853-C50C-3DF2-AEC1-327C6B72410E}.Development|Win64.Build.0 = Development|Any CPU
		{DE9BC853-C50C-3DF2-AEC1-327C6B72410E}.Shipping|Win64.ActiveCfg = Development|Any CPU
		{DE9BC853-C50C-3DF2-AEC1-327C6B72410E}.Shipping|Win64.Build.0 = Development|Any CPU
		{9E16181A-B8EF-34DE-A982-4D5F95D5A9AE}.DebugGame Editor|Win64.ActiveCfg = Development|Any CPU
		{9E16181A-B8EF-34DE-A982-4D5F95D5A9AE}.DebugGame Editor|Win64.Build.0 = Development|Any CPU
		{9E16181A-B8EF-34DE-A982-4D5F95D5A9AE}.DebugGame|Win64.ActiveCfg = Development|Any CPU
		{9E16181A-B8EF-34DE-A982-4D5F95D5A9AE}.DebugGame|Win64.Build.0 = Development|Any CPU
		{9E16181A-B8EF-34DE-A982-4D5F95D5A9AE}.Development Editor|Win64.ActiveCfg = Development|Any CPU
		{9E16181A-B8EF-34DE-A982-4D5F95D5A9AE}.Development Editor|Win64.Build.0 = Development|Any CPU
		{9E16181A-B8EF-34DE-A982-4D5F95D5A9AE}.Development|Win64.ActiveCfg = Development|Any CPU
		{9E16181A-B8EF-34DE-A982-4D5F95D5A9AE}.Development|Win64.Build.0 = Development|Any CPU
		{9E16181A-B8EF-34DE-A982-4D5F95D5A9AE}.Shipping|Win64.ActiveCfg = Development|Any CPU
		{9E16181A-B8EF-34DE-A982-4D5F95D5A9AE}.Shipping|Win64.Build.0 = Development|Any CPU
		{A37B6039-3F91-3372-9882-2EFAF38D1D53}.DebugGame Editor|Win64.ActiveCfg = Development|Any CPU
		{A37B6039-3F91-3372-9882-2EFAF38D1D53}.DebugGame Editor|Win64.Build.0 = Development|Any CPU
		{A37B6039-3F91-3372-9882-2EFAF38D1D53}.DebugGame|Win64.ActiveCfg = Development|Any CPU
		{A37B6039-3F91-3372-9882-2EFAF38D1D53}.DebugGame|Win64.Build.0 = Development|Any CPU
		{A37B6039-3F91-3372-9882-2EFAF38D1D53}.Development Editor|Win64.ActiveCfg = Development|Any CPU
		{A37B6039-3F91-3372-9882-2EFAF38D1D53}.Development Editor|Win64.Build.0 = Development|Any CPU
		{A37B6039-3F91-3372-9882-2EFAF38D1D53}.Development|Win64.ActiveCfg = Development|Any CPU
		{A37B6039-3F91-3372-9882-2EFAF38D1D53}.Development|Win64.Build.0 = Development|Any CPU
		{A37B6039-3F91-3372-9882-2EFAF38D1D53}.Shipping|Win64.ActiveCfg = Development|Any CPU
		{A37B6039-3F91-3372-9882-2EFAF38D1D53}.Shipping|Win64.Build.0 = Development|Any CPU
		{E57603D1-B8BD-3645-8688-A21C0FED2DD8}.DebugGame Editor|Win64.ActiveCfg = Development|Any CPU
		{E57603D1-B8BD-3645-8688-A21C0FED2DD8}.DebugGame Editor|Win64.Build.0 = Development|Any CPU
		{E57603D1-B8BD-3645-8688-A21C0FED2DD8}.DebugGame|Win64.ActiveCfg = Development|Any CPU
		{E57603D1-B8BD-3645-8688-A21C0FED2DD8}.DebugGame|Win64.Build.0 = Development|Any CPU
		{E57603D1-B8BD-3645-8688-A21C0FED2DD8}.Development Editor|Win64.ActiveCfg = Development|Any CPU
		{E57603D1-B8BD-3645-8688-A21C0FED2DD8}.Development Editor|Win64.Build.0 = Development|Any CPU
		{E57603D1-B8BD-3645-8688-A21C0FED2DD8}.Development|Win64.ActiveCfg = Development|Any CPU
		{E57603D1-B8BD-3645-8688-A21C0FED2DD8}.Development|Win64.Build.0 = Development|Any CPU
		{E57603D1-B8BD-3645-8688-A21C0FED2DD8}.Shipping|Win64.ActiveCfg = Development|Any CPU
		{E57603D1-B8BD-3645-8688-A21C0FED2DD8}.Shipping|Win64.Build.0 = Development|Any CPU
		{176845DA-B660-320B-8C64-474A31C7D33A}.DebugGame Editor|Win64.ActiveCfg = Development|Any CPU
		{176845DA-B660-320B-8C64-474A31C7D33A}.DebugGame Editor|Win64.Build.0 = Development|Any CPU
		{176845DA-B660-320B-8C64-474A31C7D33A}.DebugGame|Win64.ActiveCfg = Development|Any CPU
		{176845DA-B660-320B-8C64-474A31C7D33A}.DebugGame|Win64.Build.0 = Development|Any CPU
		{176845DA-B660-320B-8C64-474A31C7D33A}.Development Editor|Win64.ActiveCfg = Development|Any CPU
		{176845DA-B660-320B-8C64-474A31C7D33A}.Development Editor|Win64.Build.0 = Development|Any CPU
		{176845DA-B660-320B-8C64-474A31C7D33A}.Development|Win64.ActiveCfg = Development|Any CPU
		{176845DA-B660-320B-8C64-474A31C7D33A}.Development|Win64.Build.0 = Development|Any CPU
		{176845DA-B660-320B-8C64-474A31C7D33A}.Shipping|Win64.ActiveCfg = Development|Any CPU
		{176845DA-B660-320B-8C64-474A31C7D33A}.Shipping|Win64.Build.0 = Development|Any CPU
		{7D53B213-AD61-333E-9FB9-85D8C1BF74DC}.DebugGame Editor|Win64.ActiveCfg = Development|Any CPU
		{7D53B213-AD61-333E-9FB9-85D8C1BF74DC}.DebugGame Editor|Win64.Build.0 = Development|Any CPU
		{7D53B213-AD61-333E-9FB9-85D8C1BF74DC}.DebugGame|Win64.ActiveCfg = Development|Any CPU
		{7D53B213-AD61-333E-9FB9-85D8C1BF74DC}.DebugGame|Win64.Build.0 = Development|Any CPU
		{7D53B213-AD61-333E-9FB9-85D8C1BF74DC}.Development Editor|Win64.ActiveCfg = Development|Any CPU
		{7D53B213-AD61-333E-9FB9-85D8C1BF74DC}.Development Editor|Win64.Build.0 = Development|Any CPU
		{7D53B213-AD61-333E-9FB9-85D8C1BF74DC}.Development|Win64.ActiveCfg = Development|Any CPU
		{7D53B213-AD61-333E-9FB9-85D8C1BF74DC}.Development|Win64.Build.0 = Development|Any CPU
		{7D53B213-AD61-333E-9FB9-85D8C1BF74DC}.Shipping|Win64.ActiveCfg = Development|Any CPU
		{7D53B213-AD61-333E-9FB9-85D8C1BF74DC}.Shipping|Win64.Build.0 = Development|Any CPU
		{DEF68773-5D30-3A62-816B-BA0B7A31C53B}.DebugGame Editor|Win64.ActiveCfg = Development|Any CPU
		{DEF68773-5D30-3A62-816B-BA0B7A31C53B}.DebugGame Editor|Win64.Build.0 = Development|Any CPU
		{DEF68773-5D30-3A62-816B-BA0B7A31C53B}.DebugGame|Win64.ActiveCfg = Development|Any CPU
		{DEF68773-5D30-3A62-816B-BA0B7A31C53B}.DebugGame|Win64.Build.0 = Development|Any CPU
		{DEF68773-5D30-3A62-816B-BA0B7A31C53B}.Development Editor|Win64.ActiveCfg = Development|Any CPU
		{DEF68773-5D30-3A62-816B-BA0B7A31C53B}.Development Editor|Win64.Build.0 = Development|Any CPU
		{DEF68773-5D30-3A62-816B-BA0B7A31C53B}.Development|Win64.ActiveCfg = Development|Any CPU
		{DEF68773-5D30-3A62-816B-BA0B7A31C53B}.Development|Win64.Build.0 = Development|Any CPU
		{DEF68773-5D30-3A62-816B-BA0B7A31C53B}.Shipping|Win64.ActiveCfg = Development|Any CPU
		{DEF68773-5D30-3A62-816B-BA0B7A31C53B}.Shipping|Win64.Build.0 = Development|Any CPU
		{CFC03FC6-B394-344D-BF36-5099526EA9D0}.DebugGame Editor|Win64.ActiveCfg = Development|Any CPU
		{CFC03FC6-B394-344D-BF36-5099526EA9D0}.DebugGame Editor|Win64.Build.0 = Development|Any CPU
		{CFC03FC6-B394-344D-BF36-5099526EA9D0}.DebugGame|Win64.ActiveCfg = Development|Any CPU
		{CFC03FC6-B394-344D-BF36-5099526EA9D0}.DebugGame|Win64.Build.0 = Development|Any CPU
		{CFC03FC6-B394-344D-BF36-5099526EA9D0}.Development Editor|Win64.ActiveCfg = Development|Any CPU
		{CFC03FC6-B394-344D-BF36-5099526EA9D0}.Development Editor|Win64.Build.0 = Development|Any CPU
		{CFC03FC6-B394-344D-BF36-5099526EA9D0}.Development|Win64.ActiveCfg = Development|Any CPU
		{CFC03FC6-B394-344D-BF36-5099526EA9D0}.Development|Win64.Build.0 = Development|Any CPU
		{CFC03FC6-B394-344D-BF36-5099526EA9D0}.Shipping|Win64.ActiveCfg = Development|Any CPU
		{CFC03FC6-B394-344D-BF36-5099526EA9D0}.Shipping|Win64.Build.0 = Development|Any CPU
		{BF5DF9A3-55D5-329C-B075-D70CDC57E34F}.DebugGame Editor|Win64.ActiveCfg = Development|Any CPU
		{BF5DF9A3-55D5-329C-B075-D70CDC57E34F}.DebugGame Editor|Win64.Build.0 = Development|Any CPU
		{BF5DF9A3-55D5-329C-B075-D70CDC57E34F}.DebugGame|Win64.ActiveCfg = Development|Any CPU
		{BF5DF9A3-55D5-329C-B075-D70CDC57E34F}.DebugGame|Win64.Build.0 = Development|Any CPU
		{BF5DF9A3-55D5-329C-B075-D70CDC57E34F}.Development Editor|Win64.ActiveCfg = Development|Any CPU
		{BF5DF9A3-55D5-329C-B075-D70CDC57E34F}.Development Editor|Win64.Build.0 = Development|Any CPU
		{BF5DF9A3-55D5-329C-B075-D70CDC57E34F}.Development|Win64.ActiveCfg = Development|Any CPU
		{BF5DF9A3-55D5-329C-B075-D70CDC57E34F}.Development|Win64.Build.0 = Development|Any CPU
		{BF5DF9A3-55D5-329C-B075-D70CDC57E34F}.Shipping|Win64.ActiveCfg = Development|Any CPU
		{BF5DF9A3-55D5-329C-B075-D70CDC57E34F}.Shipping|Win64.Build.0 = Development|Any CPU
		{98A2C37A-5E95-3B28-8F3D-4185EEE6B2F7}.DebugGame Editor|Win64.ActiveCfg = Development|Any CPU
		{98A2C37A-5E95-3B28-8F3D-4185EEE6B2F7}.DebugGame Editor|Win64.Build.0 = Development|Any CPU
		{98A2C37A-5E95-3B28-8F3D-4185EEE6B2F7}.DebugGame|Win64.ActiveCfg = Development|Any CPU
		{98A2C37A-5E95-3B28-8F3D-4185EEE6B2F7}.DebugGame|Win64.Build.0 = Development|Any CPU
		{98A2C37A-5E95-3B28-8F3D-4185EEE6B2F7}.Development Editor|Win64.ActiveCfg = Development|Any CPU
		{98A2C37A-5E95-3B28-8F3D-4185EEE6B2F7}.Development Editor|Win64.Build.0 = Development|Any CPU
		{98A2C37A-5E95-3B28-8F3D-4185EEE6B2F7}.Development|Win64.ActiveCfg = Development|Any CPU
		{98A2C37A-5E95-3B28-8F3D-4185EEE6B2F7}.Development|Win64.Build.0 = Development|Any CPU
		{98A2C37A-5E95-3B28-8F3D-4185EEE6B2F7}.Shipping|Win64.ActiveCfg = Development|Any CPU
		{98A2C37A-5E95-3B28-8F3D-4185EEE6B2F7}.Shipping|Win64.Build.0 = Development|Any CPU
		{E4D32F4D-00F4-3BD6-BC2E-11A2E08839C5}.DebugGame Editor|Win64.ActiveCfg = Development|Any CPU
		{E4D32F4D-00F4-3BD6-BC2E-11A2E08839C5}.DebugGame Editor|Win64.Build.0 = Development|Any CPU
		{E4D32F4D-00F4-3BD6-BC2E-11A2E08839C5}.DebugGame|Win64.ActiveCfg = Development|Any CPU
		{E4D32F4D-00F4-3BD6-BC2E-11A2E08839C5}.DebugGame|Win64.Build.0 = Development|Any CPU
		{E4D32F4D-00F4-3BD6-BC2E-11A2E08839C5}.Development Editor|Win64.ActiveCfg = Development|Any CPU
		{E4D32F4D-00F4-3BD6-BC2E-11A2E08839C5}.Development Editor|Win64.Build.0 = Development|Any CPU
		{E4D32F4D-00F4-3BD6-BC2E-11A2E08839C5}.Development|Win64.ActiveCfg = Development|Any CPU
		{E4D32F4D-00F4-3BD6-BC2E-11A2E08839C5}.Development|Win64.Build.0 = Development|Any CPU
		{E4D32F4D-00F4-3BD6-BC2E-11A2E08839C5}.Shipping|Win64.ActiveCfg = Development|Any CPU
		{E4D32F4D-00F4-3BD6-BC2E-11A2E08839C5}.Shipping|Win64.Build.0 = Development|Any CPU
		{AE89A1F5-C408-3C88-91E5-F1F3127AC496}.DebugGame Editor|Win64.ActiveCfg = Development|Any CPU
		{AE89A1F5-C408-3C88-91E5-F1F3127AC496}.DebugGame Editor|Win64.Build.0 = Development|Any CPU
		{AE89A1F5-C408-3C88-91E5-F1F3127AC496}.DebugGame|Win64.ActiveCfg = Development|Any CPU
		{AE89A1F5-C408-3C88-91E5-F1F3127AC496}.DebugGame|Win64.Build.0 = Development|Any CPU
		{AE89A1F5-C408-3C88-91E5-F1F3127AC496}.Development Editor|Win64.ActiveCfg = Development|Any CPU
		{AE89A1F5-C408-3C88-91E5-F1F3127AC496}.Development Editor|Win64.Build.0 = Development|Any CPU
		{AE89A1F5-C408-3C88-91E5-F1F3127AC496}.Development|Win64.ActiveCfg = Development|Any CPU
		{AE89A1F5-C408-3C88-91E5-F1F3127AC496}.Development|Win64.Build.0 = Development|Any CPU
		{AE89A1F5-C408-3C88-91E5-F1F3127AC496}.Shipping|Win64.ActiveCfg = Development|Any CPU
		{AE89A1F5-C408-3C88-91E5-F1F3127AC496}.Shipping|Win64.Build.0 = Development|Any CPU
		{5D220130-E1D3-31DF-A5D4-90E2FA58EC1D}.DebugGame Editor|Win64.ActiveCfg = Development|Any CPU
		{5D220130-E1D3-31DF-A5D4-90E2FA58EC1D}.DebugGame Editor|Win64.Build.0 = Development|Any CPU
		{5D220130-E1D3-31DF-A5D4-90E2FA58EC1D}.DebugGame|Win64.ActiveCfg = Development|Any CPU
		{5D220130-E1D3-31DF-A5D4-90E2FA58EC1D}.DebugGame|Win64.Build.0 = Development|Any CPU
		{5D220130-E1D3-31DF-A5D4-90E2FA58EC1D}.Development Editor|Win64.ActiveCfg = Development|Any CPU
		{5D220130-E1D3-31DF-A5D4-90E2FA58EC1D}.Development Editor|Win64.Build.0 = Development|Any CPU
		{5D220130-E1D3-31DF-A5D4-90E2FA58EC1D}.Development|Win64.ActiveCfg = Development|Any CPU
		{5D220130-E1D3-31DF-A5D4-90E2FA58EC1D}.Development|Win64.Build.0 = Development|Any CPU
		{5D220130-E1D3-31DF-A5D4-90E2FA58EC1D}.Shipping|Win64.ActiveCfg = Development|Any CPU
		{5D220130-E1D3-31DF-A5D4-90E2FA58EC1D}.Shipping|Win64.Build.0 = Development|Any CPU
		{54C9BCF3-F16E-39E1-8754-362A01704260}.DebugGame Editor|Win64.ActiveCfg = Development|Any CPU
		{54C9BCF3-F16E-39E1-8754-362A01704260}.DebugGame Editor|Win64.Build.0 = Development|Any CPU
		{54C9BCF3-F16E-39E1-8754-362A01704260}.DebugGame|Win64.ActiveCfg = Development|Any CPU
		{54C9BCF3-F16E-39E1-8754-362A01704260}.DebugGame|Win64.Build.0 = Development|Any CPU
		{54C9BCF3-F16E-39E1-8754-362A01704260}.Development Editor|Win64.ActiveCfg = Development|Any CPU
		{54C9BCF3-F16E-39E1-8754-362A01704260}.Development Editor|Win64.Build.0 = Development|Any CPU
		{54C9BCF3-F16E-39E1-8754-362A01704260}.Development|Win64.ActiveCfg = Development|Any CPU
		{54C9BCF3-F16E-39E1-8754-362A01704260}.Development|Win64.Build.0 = Development|Any CPU
		{54C9BCF3-F16E-39E1-8754-362A01704260}.Shipping|Win64.ActiveCfg = Development|Any CPU
		{54C9BCF3-F16E-39E1-8754-362A01704260}.Shipping|Win64.Build.0 = Development|Any CPU
		{ECFE0C0D-93E6-38A4-83AD-2761C3F90C91}.DebugGame Editor|Win64.ActiveCfg = Development|Any CPU
		{ECFE0C0D-93E6-38A4-83AD-2761C3F90C91}.DebugGame Editor|Win64.Build.0 = Development|Any CPU
		{ECFE0C0D-93E6-38A4-83AD-2761C3F90C91}.DebugGame|Win64.ActiveCfg = Development|Any CPU
		{ECFE0C0D-93E6-38A4-83AD-2761C3F90C91}.DebugGame|Win64.Build.0 = Development|Any CPU
		{ECFE0C0D-93E6-38A4-83AD-2761C3F90C91}.Development Editor|Win64.ActiveCfg = Development|Any CPU
		{ECFE0C0D-93E6-38A4-83AD-2761C3F90C91}.Development Editor|Win64.Build.0 = Development|Any CPU
		{ECFE0C0D-93E6-38A4-83AD-2761C3F90C91}.Development|Win64.ActiveCfg = Development|Any CPU
		{ECFE0C0D-93E6-38A4-83AD-2761C3F90C91}.Development|Win64.Build.0 = Development|Any CPU
		{ECFE0C0D-93E6-38A4-83AD-2761C3F90C91}.Shipping|Win64.ActiveCfg = Development|Any CPU
		{ECFE0C0D-93E6-38A4-83AD-2761C3F90C91}.Shipping|Win64.Build.0 = Development|Any CPU
		{4DD7B1EA-A186-3DE6-A093-04656543F7DA}.DebugGame Editor|Win64.ActiveCfg = Development|Any CPU
		{4DD7B1EA-A186-3DE6-A093-04656543F7DA}.DebugGame Editor|Win64.Build.0 = Development|Any CPU
		{4DD7B1EA-A186-3DE6-A093-04656543F7DA}.DebugGame|Win64.ActiveCfg = Development|Any CPU
		{4DD7B1EA-A186-3DE6-A093-04656543F7DA}.DebugGame|Win64.Build.0 = Development|Any CPU
		{4DD7B1EA-A186-3DE6-A093-04656543F7DA}.Development Editor|Win64.ActiveCfg = Development|Any CPU
		{4DD7B1EA-A186-3DE6-A093-04656543F7DA}.Development Editor|Win64.Build.0 = Development|Any CPU
		{4DD7B1EA-A186-3DE6-A093-04656543F7DA}.Development|Win64.ActiveCfg = Development|Any CPU
		{4DD7B1EA-A186-3DE6-A093-04656543F7DA}.Development|Win64.Build.0 = Development|Any CPU
		{4DD7B1EA-A186-3DE6-A093-04656543F7DA}.Shipping|Win64.ActiveCfg = Development|Any CPU
		{4DD7B1EA-A186-3DE6-A093-04656543F7DA}.Shipping|Win64.Build.0 = Development|Any CPU
		{66AC3612-E6F4-386E-8443-BE54FEE8411A}.DebugGame Editor|Win64.ActiveCfg = Development|Any CPU
		{66AC3612-E6F4-386E-8443-BE54FEE8411A}.DebugGame Editor|Win64.Build.0 = Development|Any CPU
		{66AC3612-E6F4-386E-8443-BE54FEE8411A}.DebugGame|Win64.ActiveCfg = Development|Any CPU
		{66AC3612-E6F4-386E-8443-BE54FEE8411A}.DebugGame|Win64.Build.0 = Development|Any CPU
		{66AC3612-E6F4-386E-8443-BE54FEE8411A}.Development Editor|Win64.ActiveCfg = Development|Any CPU
		{66AC3612-E6F4-386E-8443-BE54FEE8411A}.Development Editor|Win64.Build.0 = Development|Any CPU
		{66AC3612-E6F4-386E-8443-BE54FEE8411A}.Development|Win64.ActiveCfg = Development|Any CPU
		{66AC3612-E6F4-386E-8443-BE54FEE8411A}.Development|Win64.Build.0 = Development|Any CPU
		{66AC3612-E6F4-386E-8443-BE54FEE8411A}.Shipping|Win64.ActiveCfg = Development|Any CPU
		{66AC3612-E6F4-386E-8443-BE54FEE8411A}.Shipping|Win64.Build.0 = Development|Any CPU
		{D01C7D6D-3705-3744-B98C-7974D4B3669F}.DebugGame Editor|Win64.ActiveCfg = Development|Any CPU
		{D01C7D6D-3705-3744-B98C-7974D4B3669F}.DebugGame Editor|Win64.Build.0 = Development|Any CPU
		{D01C7D6D-3705-3744-B98C-7974D4B3669F}.DebugGame|Win64.ActiveCfg = Development|Any CPU
		{D01C7D6D-3705-3744-B98C-7974D4B3669F}.DebugGame|Win64.Build.0 = Development|Any CPU
		{D01C7D6D-3705-3744-B98C-7974D4B3669F}.Development Editor|Win64.ActiveCfg = Development|Any CPU
		{D01C7D6D-3705-3744-B98C-7974D4B3669F}.Development Editor|Win64.Build.0 = Development|Any CPU
		{D01C7D6D-3705-3744-B98C-7974D4B3669F}.Development|Win64.ActiveCfg = Development|Any CPU
		{D01C7D6D-3705-3744-B98C-7974D4B3669F}.Development|Win64.Build.0 = Development|Any CPU
		{D01C7D6D-3705-3744-B98C-7974D4B3669F}.Shipping|Win64.ActiveCfg = Development|Any CPU
		{D01C7D6D-3705-3744-B98C-7974D4B3669F}.Shipping|Win64.Build.0 = Development|Any CPU
		{57DCDF63-C1E7-3558-8C5E-FB80D7ED32DE}.DebugGame Editor|Win64.ActiveCfg = Development|Any CPU
		{57DCDF63-C1E7-3558-8C5E-FB80D7ED32DE}.DebugGame Editor|Win64.Build.0 = Development|Any CPU
		{57DCDF63-C1E7-3558-8C5E-FB80D7ED32DE}.DebugGame|Win64.ActiveCfg = Development|Any CPU
		{57DCDF63-C1E7-3558-8C5E-FB80D7ED32DE}.DebugGame|Win64.Build.0 = Development|Any CPU
		{57DCDF63-C1E7-3558-8C5E-FB80D7ED32DE}.Development Editor|Win64.ActiveCfg = Development|Any CPU
		{57DCDF63-C1E7-3558-8C5E-FB80D7ED32DE}.Development Editor|Win64.Build.0 = Development|Any CPU
		{57DCDF63-C1E7-3558-8C5E-FB80D7ED32DE}.Development|Win64.ActiveCfg = Development|Any CPU
		{57DCDF63-C1E7-3558-8C5E-FB80D7ED32DE}.Development|Win64.Build.0 = Development|Any CPU
		{57DCDF63-C1E7-3558-8C5E-FB80D7ED32DE}.Shipping|Win64.ActiveCfg = Development|Any CPU
		{57DCDF63-C1E7-3558-8C5E-FB80D7ED32DE}.Shipping|Win64.Build.0 = Development|Any CPU
		{A35B9C9F-6A87-3EBF-BFA1-8C9D1805D26A}.DebugGame Editor|Win64.ActiveCfg = Development|Any CPU
		{A35B9C9F-6A87-3EBF-BFA1-8C9D1805D26A}.DebugGame Editor|Win64.Build.0 = Development|Any CPU
		{A35B9C9F-6A87-3EBF-BFA1-8C9D1805D26A}.DebugGame|Win64.ActiveCfg = Development|Any CPU
		{A35B9C9F-6A87-3EBF-BFA1-8C9D1805D26A}.DebugGame|Win64.Build.0 = Development|Any CPU
		{A35B9C9F-6A87-3EBF-BFA1-8C9D1805D26A}.Development Editor|Win64.ActiveCfg = Development|Any CPU
		{A35B9C9F-6A87-3EBF-BFA1-8C9D1805D26A}.Development Editor|Win64.Build.0 = Development|Any CPU
		{A35B9C9F-6A87-3EBF-BFA1-8C9D1805D26A}.Development|Win64.ActiveCfg = Development|Any CPU
		{A35B9C9F-6A87-3EBF-BFA1-8C9D1805D26A}.Development|Win64.Build.0 = Development|Any CPU
		{A35B9C9F-6A87-3EBF-BFA1-8C9D1805D26A}.Shipping|Win64.ActiveCfg = Development|Any CPU
		{A35B9C9F-6A87-3EBF-BFA1-8C9D1805D26A}.Shipping|Win64.Build.0 = Development|Any CPU
		{FD921FF7-F806-3F44-9DE3-4138E107BC36}.DebugGame Editor|Win64.ActiveCfg = Development|Any CPU
		{FD921FF7-F806-3F44-9DE3-4138E107BC36}.DebugGame Editor|Win64.Build.0 = Development|Any CPU
		{FD921FF7-F806-3F44-9DE3-4138E107BC36}.DebugGame|Win64.ActiveCfg = Development|Any CPU
		{FD921FF7-F806-3F44-9DE3-4138E107BC36}.DebugGame|Win64.Build.0 = Development|Any CPU
		{FD921FF7-F806-3F44-9DE3-4138E107BC36}.Development Editor|Win64.ActiveCfg = Development|Any CPU
		{FD921FF7-F806-3F44-9DE3-4138E107BC36}.Development Editor|Win64.Build.0 = Development|Any CPU
		{FD921FF7-F806-3F44-9DE3-4138E107BC36}.Development|Win64.ActiveCfg = Development|Any CPU
		{FD921FF7-F806-3F44-9DE3-4138E107BC36}.Development|Win64.Build.0 = Development|Any CPU
		{FD921FF7-F806-3F44-9DE3-4138E107BC36}.Shipping|Win64.ActiveCfg = Development|Any CPU
		{FD921FF7-F806-3F44-9DE3-4138E107BC36}.Shipping|Win64.Build.0 = Development|Any CPU
		{0EBE91E7-7F5A-351B-B690-E66748FC0191}.DebugGame Editor|Win64.ActiveCfg = Development|Any CPU
		{0EBE91E7-7F5A-351B-B690-E66748FC0191}.DebugGame Editor|Win64.Build.0 = Development|Any CPU
		{0EBE91E7-7F5A-351B-B690-E66748FC0191}.DebugGame|Win64.ActiveCfg = Development|Any CPU
		{0EBE91E7-7F5A-351B-B690-E66748FC0191}.DebugGame|Win64.Build.0 = Development|Any CPU
		{0EBE91E7-7F5A-351B-B690-E66748FC0191}.Development Editor|Win64.ActiveCfg = Development|Any CPU
		{0EBE91E7-7F5A-351B-B690-E66748FC0191}.Development Editor|Win64.Build.0 = Development|Any CPU
		{0EBE91E7-7F5A-351B-B690-E66748FC0191}.Development|Win64.ActiveCfg = Development|Any CPU
		{0EBE91E7-7F5A-351B-B690-E66748FC0191}.Development|Win64.Build.0 = Development|Any CPU
		{0EBE91E7-7F5A-351B-B690-E66748FC0191}.Shipping|Win64.ActiveCfg = Development|Any CPU
		{0EBE91E7-7F5A-351B-B690-E66748FC0191}.Shipping|Win64.Build.0 = Development|Any CPU
		{6FD22167-BE54-3F93-94AA-E5BA9F61671F}.DebugGame Editor|Win64.ActiveCfg = Development|Any CPU
		{6FD22167-BE54-3F93-94AA-E5BA9F61671F}.DebugGame Editor|Win64.Build.0 = Development|Any CPU
		{6FD22167-BE54-3F93-94AA-E5BA9F61671F}.DebugGame|Win64.ActiveCfg = Development|Any CPU
		{6FD22167-BE54-3F93-94AA-E5BA9F61671F}.DebugGame|Win64.Build.0 = Development|Any CPU
		{6FD22167-BE54-3F93-94AA-E5BA9F61671F}.Development Editor|Win64.ActiveCfg = Development|Any CPU
		{6FD22167-BE54-3F93-94AA-E5BA9F61671F}.Development Editor|Win64.Build.0 = Development|Any CPU
		{6FD22167-BE54-3F93-94AA-E5BA9F61671F}.Development|Win64.ActiveCfg = Development|Any CPU
		{6FD22167-BE54-3F93-94AA-E5BA9F61671F}.Development|Win64.Build.0 = Development|Any CPU
		{6FD22167-BE54-3F93-94AA-E5BA9F61671F}.Shipping|Win64.ActiveCfg = Development|Any CPU
		{6FD22167-BE54-3F93-94AA-E5BA9F61671F}.Shipping|Win64.Build.0 = Development|Any CPU
		{8C124A00-E24F-3BA5-9384-D6A52CE60105}.DebugGame Editor|Win64.ActiveCfg = Development|Any CPU
		{8C124A00-E24F-3BA5-9384-D6A52CE60105}.DebugGame Editor|Win64.Build.0 = Development|Any CPU
		{8C124A00-E24F-3BA5-9384-D6A52CE60105}.DebugGame|Win64.ActiveCfg = Development|Any CPU
		{8C124A00-E24F-3BA5-9384-D6A52CE60105}.DebugGame|Win64.Build.0 = Development|Any CPU
		{8C124A00-E24F-3BA5-9384-D6A52CE60105}.Development Editor|Win64.ActiveCfg = Development|Any CPU
		{8C124A00-E24F-3BA5-9384-D6A52CE60105}.Development Editor|Win64.Build.0 = Development|Any CPU
		{8C124A00-E24F-3BA5-9384-D6A52CE60105}.Development|Win64.ActiveCfg = Development|Any CPU
		{8C124A00-E24F-3BA5-9384-D6A52CE60105}.Development|Win64.Build.0 = Development|Any CPU
		{8C124A00-E24F-3BA5-9384-D6A52CE60105}.Shipping|Win64.ActiveCfg = Development|Any CPU
		{8C124A00-E24F-3BA5-9384-D6A52CE60105}.Shipping|Win64.Build.0 = Development|Any CPU
		{CB3D0CE5-7AE7-3808-8E95-CA3FA2E1F224}.DebugGame Editor|Win64.ActiveCfg = Development|Any CPU
		{CB3D0CE5-7AE7-3808-8E95-CA3FA2E1F224}.DebugGame Editor|Win64.Build.0 = Development|Any CPU
		{CB3D0CE5-7AE7-3808-8E95-CA3FA2E1F224}.DebugGame|Win64.ActiveCfg = Development|Any CPU
		{CB3D0CE5-7AE7-3808-8E95-CA3FA2E1F224}.DebugGame|Win64.Build.0 = Development|Any CPU
		{CB3D0CE5-7AE7-3808-8E95-CA3FA2E1F224}.Development Editor|Win64.ActiveCfg = Development|Any CPU
		{CB3D0CE5-7AE7-3808-8E95-CA3FA2E1F224}.Development Editor|Win64.Build.0 = Development|Any CPU
		{CB3D0CE5-7AE7-3808-8E95-CA3FA2E1F224}.Development|Win64.ActiveCfg = Development|Any CPU
		{CB3D0CE5-7AE7-3808-8E95-CA3FA2E1F224}.Development|Win64.Build.0 = Development|Any CPU
		{CB3D0CE5-7AE7-3808-8E95-CA3FA2E1F224}.Shipping|Win64.ActiveCfg = Development|Any CPU
		{CB3D0CE5-7AE7-3808-8E95-CA3FA2E1F224}.Shipping|Win64.Build.0 = Development|Any CPU
		{1241C885-472A-38A7-9FC6-FB6E525721CE}.DebugGame Editor|Win64.ActiveCfg = Development|Any CPU
		{1241C885-472A-38A7-9FC6-FB6E525721CE}.DebugGame Editor|Win64.Build.0 = Development|Any CPU
		{1241C885-472A-38A7-9FC6-FB6E525721CE}.DebugGame|Win64.ActiveCfg = Development|Any CPU
		{1241C885-472A-38A7-9FC6-FB6E525721CE}.DebugGame|Win64.Build.0 = Development|Any CPU
		{1241C885-472A-38A7-9FC6-FB6E525721CE}.Development Editor|Win64.ActiveCfg = Development|Any CPU
		{1241C885-472A-38A7-9FC6-FB6E525721CE}.Development Editor|Win64.Build.0 = Development|Any CPU
		{1241C885-472A-38A7-9FC6-FB6E525721CE}.Development|Win64.ActiveCfg = Development|Any CPU
		{1241C885-472A-38A7-9FC6-FB6E525721CE}.Development|Win64.Build.0 = Development|Any CPU
		{1241C885-472A-38A7-9FC6-FB6E525721CE}.Shipping|Win64.ActiveCfg = Development|Any CPU
		{1241C885-472A-38A7-9FC6-FB6E525721CE}.Shipping|Win64.Build.0 = Development|Any CPU
		{0EC1EDC1-023E-3D70-A86F-12F9578B85DD}.DebugGame Editor|Win64.ActiveCfg = Development|Any CPU
		{0EC1EDC1-023E-3D70-A86F-12F9578B85DD}.DebugGame Editor|Win64.Build.0 = Development|Any CPU
		{0EC1EDC1-023E-3D70-A86F-12F9578B85DD}.DebugGame|Win64.ActiveCfg = Development|Any CPU
		{0EC1EDC1-023E-3D70-A86F-12F9578B85DD}.DebugGame|Win64.Build.0 = Development|Any CPU
		{0EC1EDC1-023E-3D70-A86F-12F9578B85DD}.Development Editor|Win64.ActiveCfg = Development|Any CPU
		{0EC1EDC1-023E-3D70-A86F-12F9578B85DD}.Development Editor|Win64.Build.0 = Development|Any CPU
		{0EC1EDC1-023E-3D70-A86F-12F9578B85DD}.Development|Win64.ActiveCfg = Development|Any CPU
		{0EC1EDC1-023E-3D70-A86F-12F9578B85DD}.Development|Win64.Build.0 = Development|Any CPU
		{0EC1EDC1-023E-3D70-A86F-12F9578B85DD}.Shipping|Win64.ActiveCfg = Development|Any CPU
		{0EC1EDC1-023E-3D70-A86F-12F9578B85DD}.Shipping|Win64.Build.0 = Development|Any CPU
		{6B0276EF-7D32-30A1-BA44-6C042F4C5DE8}.DebugGame Editor|Win64.ActiveCfg = Development|Any CPU
		{6B0276EF-7D32-30A1-BA44-6C042F4C5DE8}.DebugGame Editor|Win64.Build.0 = Development|Any CPU
		{6B0276EF-7D32-30A1-BA44-6C042F4C5DE8}.DebugGame|Win64.ActiveCfg = Development|Any CPU
		{6B0276EF-7D32-30A1-BA44-6C042F4C5DE8}.DebugGame|Win64.Build.0 = Development|Any CPU
		{6B0276EF-7D32-30A1-BA44-6C042F4C5DE8}.Development Editor|Win64.ActiveCfg = Development|Any CPU
		{6B0276EF-7D32-30A1-BA44-6C042F4C5DE8}.Development Editor|Win64.Build.0 = Development|Any CPU
		{6B0276EF-7D32-30A1-BA44-6C042F4C5DE8}.Development|Win64.ActiveCfg = Development|Any CPU
		{6B0276EF-7D32-30A1-BA44-6C042F4C5DE8}.Development|Win64.Build.0 = Development|Any CPU
		{6B0276EF-7D32-30A1-BA44-6C042F4C5DE8}.Shipping|Win64.ActiveCfg = Development|Any CPU
		{6B0276EF-7D32-30A1-BA44-6C042F4C5DE8}.Shipping|Win64.Build.0 = Development|Any CPU
		{F8A9087D-816C-32BE-9A5D-E7C85BAC9D2E}.DebugGame Editor|Win64.ActiveCfg = Development|Any CPU
		{F8A9087D-816C-32BE-9A5D-E7C85BAC9D2E}.DebugGame Editor|Win64.Build.0 = Development|Any CPU
		{F8A9087D-816C-32BE-9A5D-E7C85BAC9D2E}.DebugGame|Win64.ActiveCfg = Development|Any CPU
		{F8A9087D-816C-32BE-9A5D-E7C85BAC9D2E}.DebugGame|Win64.Build.0 = Development|Any CPU
		{F8A9087D-816C-32BE-9A5D-E7C85BAC9D2E}.Development Editor|Win64.ActiveCfg = Development|Any CPU
		{F8A9087D-816C-32BE-9A5D-E7C85BAC9D2E}.Development Editor|Win64.Build.0 = Development|Any CPU
		{F8A9087D-816C-32BE-9A5D-E7C85BAC9D2E}.Development|Win64.ActiveCfg = Development|Any CPU
		{F8A9087D-816C-32BE-9A5D-E7C85BAC9D2E}.Development|Win64.Build.0 = Development|Any CPU
		{F8A9087D-816C-32BE-9A5D-E7C85BAC9D2E}.Shipping|Win64.ActiveCfg = Development|Any CPU
		{F8A9087D-816C-32BE-9A5D-E7C85BAC9D2E}.Shipping|Win64.Build.0 = Development|Any CPU
	EndGlobalSection
	GlobalSection(SolutionProperties) = preSolution
		HideSolutionNode = FALSE
	EndGlobalSection
	GlobalSection(NestedProjects) = preSolution
		{727AEAFF-1D15-3DAC-A4EB-373808C7471D} = {233774A8-CC9D-3FA9-86D1-90573E92B704}
		{F31915AA-52CC-3882-A9D3-4200CE2B9F88} = {DE1F8B53-6C02-3C13-9101-A7C8D96F3FF6}
		{AF3CE968-4C5B-3082-B6F5-B53970E10DBA} = {A338B9E2-A559-34BE-A46D-F789DD488FAD}
		{D59FBB8D-C184-3C90-881D-B90A0FA08DA7} = {A338B9E2-A559-34BE-A46D-F789DD488FAD}
		{0BFBE63A-B98A-3411-8EEB-8918FEC737B3} = {A338B9E2-A559-34BE-A46D-F789DD488FAD}
		{7B5CFB44-F0FB-31DF-AE62-C3C096A29A7B} = {A338B9E2-A559-34BE-A46D-F789DD488FAD}
		{57713676-9DBE-331C-AD10-26632AC9EE0C} = {A338B9E2-A559-34BE-A46D-F789DD488FAD}
		{0C166FA5-EE2A-3350-B288-5FEDF3E42CCA} = {0BFBE63A-B98A-3411-8EEB-8918FEC737B3}
		{81E22EFB-41FE-3F15-A7D8-7AD9BEFF2B92} = {0BFBE63A-B98A-3411-8EEB-8918FEC737B3}
		{FC5C798F-36F1-3FEF-A29B-18244CAF45A2} = {0BFBE63A-B98A-3411-8EEB-8918FEC737B3}
		{67726E9B-0BCB-3E18-B73B-E18B94E13406} = {0BFBE63A-B98A-3411-8EEB-8918FEC737B3}
		{AF6F27F8-0E6F-392E-B96A-0813AF1A2666} = {0BFBE63A-B98A-3411-8EEB-8918FEC737B3}
		{99F7C467-4CB0-329B-84B4-8C16594E7F06} = {0BFBE63A-B98A-3411-8EEB-8918FEC737B3}
		{FC92E4E9-21C3-3DCD-9061-197F32E651CF} = {0BFBE63A-B98A-3411-8EEB-8918FEC737B3}
		{6DA7DA18-D046-372B-9D05-382548C21039} = {0BFBE63A-B98A-3411-8EEB-8918FEC737B3}
		{EC391483-BA2A-3B02-894F-6272A80E8001} = {0BFBE63A-B98A-3411-8EEB-8918FEC737B3}
		{06B8A15E-B23E-324F-98E1-07602EFDDB51} = {0BFBE63A-B98A-3411-8EEB-8918FEC737B3}
		{33F94E83-26FD-3308-AFE0-8B0A99CC4177} = {0BFBE63A-B98A-3411-8EEB-8918FEC737B3}
		{E5C4201F-4869-308F-83A7-590851D044A5} = {0BFBE63A-B98A-3411-8EEB-8918FEC737B3}
		{17F6BE60-6C07-3B68-BCDE-E3211E34CAB3} = {0BFBE63A-B98A-3411-8EEB-8918FEC737B3}
		{2AE2474B-0CDE-3B0B-906F-7C0B48E995F8} = {0BFBE63A-B98A-3411-8EEB-8918FEC737B3}
		{C825B532-5A93-3ED1-8094-B19635059144} = {0BFBE63A-B98A-3411-8EEB-8918FEC737B3}
		{A3158709-B900-31D2-A45F-E26E511A8537} = {0BFBE63A-B98A-3411-8EEB-8918FEC737B3}
		{DE9BC853-C50C-3DF2-AEC1-327C6B72410E} = {0BFBE63A-B98A-3411-8EEB-8918FEC737B3}
		{9E16181A-B8EF-34DE-A982-4D5F95D5A9AE} = {0BFBE63A-B98A-3411-8EEB-8918FEC737B3}
		{A37B6039-3F91-3372-9882-2EFAF38D1D53} = {0BFBE63A-B98A-3411-8EEB-8918FEC737B3}
		{E57603D1-B8BD-3645-8688-A21C0FED2DD8} = {0BFBE63A-B98A-3411-8EEB-8918FEC737B3}
		{176845DA-B660-320B-8C64-474A31C7D33A} = {7B5CFB44-F0FB-31DF-AE62-C3C096A29A7B}
		{7D53B213-AD61-333E-9FB9-85D8C1BF74DC} = {57713676-9DBE-331C-AD10-26632AC9EE0C}
		{DEF68773-5D30-3A62-816B-BA0B7A31C53B} = {57713676-9DBE-331C-AD10-26632AC9EE0C}
		{CFC03FC6-B394-344D-BF36-5099526EA9D0} = {57713676-9DBE-331C-AD10-26632AC9EE0C}
		{BF5DF9A3-55D5-329C-B075-D70CDC57E34F} = {57713676-9DBE-331C-AD10-26632AC9EE0C}
		{98A2C37A-5E95-3B28-8F3D-4185EEE6B2F7} = {57713676-9DBE-331C-AD10-26632AC9EE0C}
		{E4D32F4D-00F4-3BD6-BC2E-11A2E08839C5} = {57713676-9DBE-331C-AD10-26632AC9EE0C}
		{AE89A1F5-C408-3C88-91E5-F1F3127AC496} = {57713676-9DBE-331C-AD10-26632AC9EE0C}
		{5D220130-E1D3-31DF-A5D4-90E2FA58EC1D} = {57713676-9DBE-331C-AD10-26632AC9EE0C}
		{54C9BCF3-F16E-39E1-8754-362A01704260} = {57713676-9DBE-331C-AD10-26632AC9EE0C}
		{ECFE0C0D-93E6-38A4-83AD-2761C3F90C91} = {57713676-9DBE-331C-AD10-26632AC9EE0C}
		{4DD7B1EA-A186-3DE6-A093-04656543F7DA} = {57713676-9DBE-331C-AD10-26632AC9EE0C}
		{66AC3612-E6F4-386E-8443-BE54FEE8411A} = {57713676-9DBE-331C-AD10-26632AC9EE0C}
		{D01C7D6D-3705-3744-B98C-7974D4B3669F} = {57713676-9DBE-331C-AD10-26632AC9EE0C}
		{57DCDF63-C1E7-3558-8C5E-FB80D7ED32DE} = {57713676-9DBE-331C-AD10-26632AC9EE0C}
		{A35B9C9F-6A87-3EBF-BFA1-8C9D1805D26A} = {57713676-9DBE-331C-AD10-26632AC9EE0C}
		{FD921FF7-F806-3F44-9DE3-4138E107BC36} = {57713676-9DBE-331C-AD10-26632AC9EE0C}
		{0EBE91E7-7F5A-351B-B690-E66748FC0191} = {57713676-9DBE-331C-AD10-26632AC9EE0C}
		{6FD22167-BE54-3F93-94AA-E5BA9F61671F} = {57713676-9DBE-331C-AD10-26632AC9EE0C}
		{8C124A00-E24F-3BA5-9384-D6A52CE60105} = {57713676-9DBE-331C-AD10-26632AC9EE0C}
		{CB3D0CE5-7AE7-3808-8E95-CA3FA2E1F224} = {57713676-9DBE-331C-AD10-26632AC9EE0C}
		{1241C885-472A-38A7-9FC6-FB6E525721CE} = {C2F57ECE-B26F-39D8-BDA7-C1D40BD8F180}
		{0EC1EDC1-023E-3D70-A86F-12F9578B85DD} = {C2F57ECE-B26F-39D8-BDA7-C1D40BD8F180}
		{6B0276EF-7D32-30A1-BA44-6C042F4C5DE8} = {C2F57ECE-B26F-39D8-BDA7-C1D40BD8F180}
		{F8A9087D-816C-32BE-9A5D-E7C85BAC9D2E} = {C2F57ECE-B26F-39D8-BDA7-C1D40BD8F180}
	EndGlobalSection
EndGlobal
